{
  "object": {
    "pins": [
      {
        "package": "SDWebImage",
        "repositoryURL": "https://github.com/SDWebImage/SDWebImage",
        "state": {
          "branch": null,
          "revision": "f876da50318666141d72963e1568afee6f84f008",
          "version": "5.8.3"
        }
      },
      {
        "package": "UICircularProgressRing",
        "repositoryURL": "https://github.com/luispadron/UICircularProgressRing",
        "state": {
          "branch": null,
          "revision": "4a1fd4a77bcc27f8b3714aae3ea35835251dcef3",
          "version": "6.5.0"
        }
      }
    ]
  },
  "version": 1
}
